
Microsoft Visual Studio Solution File, Format Version 12.00
# Visual Studio 14
VisualStudioVersion = 14.0.25420.1
MinimumVisualStudioVersion = 10.0.40219.1
Project("{FAE04EC0-301F-11D3-BF4B-00C04F79EFBC}") = "Latihan_1_1", "Latihan_1_1\Latihan_1_1.csproj", "{B0F2F2BF-9CF7-4D64-BB3F-EB636C1D1E63}"
EndProject
Project("{FAE04EC0-301F-11D3-BF4B-00C04F79EFBC}") = "Latihan_2_1", "Latihan_2_1\Latihan_2_1.csproj", "{DCB08A31-BED7-473E-9599-EFA19675ACDB}"
EndProject
Project("{FAE04EC0-301F-11D3-BF4B-00C04F79EFBC}") = "Latihan_3_1", "Latihan_3_1\Latihan_3_1.csproj", "{0D811D4D-8C2C-4EE9-8881-C0E74909174B}"
EndProject
Project("{FAE04EC0-301F-11D3-BF4B-00C04F79EFBC}") = "Latihan_4_1", "Latihan_4_1\Latihan_4_1.csproj", "{71EA8058-A47D-4406-B258-083862CB5FDF}"
EndProject
Project("{FAE04EC0-301F-11D3-BF4B-00C04F79EFBC}") = "Latihan_5_1", "Latihan_5_1\Latihan_5_1.csproj", "{2A5D3C1C-AB94-4F5D-B59D-53857D744F56}"
EndProject
Project("{FAE04EC0-301F-11D3-BF4B-00C04F79EFBC}") = "Volleyball_Problem", "Volleyball_Problem\Volleyball_Problem.csproj", "{E1CC4945-964D-438F-82F1-4363B0A69B3F}"
EndProject
Project("{FAE04EC0-301F-11D3-BF4B-00C04F79EFBC}") = "Pertemuan11_a", "..\Pertemuan11_a\Pertemuan11_a\Pertemuan11_a.csproj", "{2C4520BE-A182-4A4E-A2B4-E2FC6F3D1FC8}"
EndProject
Global
	GlobalSection(SolutionConfigurationPlatforms) = preSolution
		Debug|Any CPU = Debug|Any CPU
		Release|Any CPU = Release|Any CPU
	EndGlobalSection
	GlobalSection(ProjectConfigurationPlatforms) = postSolution
		{B0F2F2BF-9CF7-4D64-BB3F-EB636C1D1E63}.Debug|Any CPU.ActiveCfg = Debug|Any CPU
		{B0F2F2BF-9CF7-4D64-BB3F-EB636C1D1E63}.Debug|Any CPU.Build.0 = Debug|Any CPU
		{B0F2F2BF-9CF7-4D64-BB3F-EB636C1D1E63}.Release|Any CPU.ActiveCfg = Release|Any CPU
		{B0F2F2BF-9CF7-4D64-BB3F-EB636C1D1E63}.Release|Any CPU.Build.0 = Release|Any CPU
		{DCB08A31-BED7-473E-9599-EFA19675ACDB}.Debug|Any CPU.ActiveCfg = Debug|Any CPU
		{DCB08A31-BED7-473E-9599-EFA19675ACDB}.Debug|Any CPU.Build.0 = Debug|Any CPU
		{DCB08A31-BED7-473E-9599-EFA19675ACDB}.Release|Any CPU.ActiveCfg = Release|Any CPU
		{DCB08A31-BED7-473E-9599-EFA19675ACDB}.Release|Any CPU.Build.0 = Release|Any CPU
		{0D811D4D-8C2C-4EE9-8881-C0E74909174B}.Debug|Any CPU.ActiveCfg = Debug|Any CPU
		{0D811D4D-8C2C-4EE9-8881-C0E74909174B}.Debug|Any CPU.Build.0 = Debug|Any CPU
		{0D811D4D-8C2C-4EE9-8881-C0E74909174B}.Release|Any CPU.ActiveCfg = Release|Any CPU
		{0D811D4D-8C2C-4EE9-8881-C0E74909174B}.Release|Any CPU.Build.0 = Release|Any CPU
		{71EA8058-A47D-4406-B258-083862CB5FDF}.Debug|Any CPU.ActiveCfg = Debug|Any CPU
		{71EA8058-A47D-4406-B258-083862CB5FDF}.Debug|Any CPU.Build.0 = Debug|Any CPU
		{71EA8058-A47D-4406-B258-083862CB5FDF}.Release|Any CPU.ActiveCfg = Release|Any CPU
		{71EA8058-A47D-4406-B258-083862CB5FDF}.Release|Any CPU.Build.0 = Release|Any CPU
		{2A5D3C1C-AB94-4F5D-B59D-53857D744F56}.Debug|Any CPU.ActiveCfg = Debug|Any CPU
		{2A5D3C1C-AB94-4F5D-B59D-53857D744F56}.Debug|Any CPU.Build.0 = Debug|Any CPU
		{2A5D3C1C-AB94-4F5D-B59D-53857D744F56}.Release|Any CPU.ActiveCfg = Release|Any CPU
		{2A5D3C1C-AB94-4F5D-B59D-53857D744F56}.Release|Any CPU.Build.0 = Release|Any CPU
		{E1CC4945-964D-438F-82F1-4363B0A69B3F}.Debug|Any CPU.ActiveCfg = Debug|Any CPU
		{E1CC4945-964D-438F-82F1-4363B0A69B3F}.Debug|Any CPU.Build.0 = Debug|Any CPU
		{E1CC4945-964D-438F-82F1-4363B0A69B3F}.Release|Any CPU.ActiveCfg = Release|Any CPU
		{E1CC4945-964D-438F-82F1-4363B0A69B3F}.Release|Any CPU.Build.0 = Release|Any CPU
		{2C4520BE-A182-4A4E-A2B4-E2FC6F3D1FC8}.Debug|Any CPU.ActiveCfg = Debug|Any CPU
		{2C4520BE-A182-4A4E-A2B4-E2FC6F3D1FC8}.Debug|Any CPU.Build.0 = Debug|Any CPU
		{2C4520BE-A182-4A4E-A2B4-E2FC6F3D1FC8}.Release|Any CPU.ActiveCfg = Release|Any CPU
		{2C4520BE-A182-4A4E-A2B4-E2FC6F3D1FC8}.Release|Any CPU.Build.0 = Release|Any CPU
	EndGlobalSection
	GlobalSection(SolutionProperties) = preSolution
		HideSolutionNode = FALSE
	EndGlobalSection
EndGlobal
